
Microsoft Visual Studio Solution File, Format Version 12.00
# Visual Studio Version 16
VisualStudioVersion = 16.0.32228.343
MinimumVisualStudioVersion = 10.0.40219.1
Project("{FAE04EC0-301F-11D3-BF4B-00C04F79EFBC}") = "AspNetTask2Single", "AspNetTask2Single\AspNetTask2Single.csproj", "{A12E329C-CBD9-4A11-9754-BB491ACC8304}"
EndProject
Global
	GlobalSection(SolutionConfigurationPlatforms) = preSolution
		Debug|Any CPU = Debug|Any CPU
		Release|Any CPU = Release|Any CPU
	EndGlobalSection
	GlobalSection(ProjectConfigurationPlatforms) = postSolution
		{A12E329C-CBD9-4A11-9754-BB491ACC8304}.Debug|Any CPU.ActiveCfg = Debug|Any CPU
		{A12E329C-CBD9-4A11-9754-BB491ACC8304}.Debug|Any CPU.Build.0 = Debug|Any CPU
		{A12E329C-CBD9-4A11-9754-BB491ACC8304}.Release|Any CPU.ActiveCfg = Release|Any CPU
		{A12E329C-CBD9-4A11-9754-BB491ACC8304}.Release|Any CPU.Build.0 = Release|Any CPU
	EndGlobalSection
	GlobalSection(SolutionProperties) = preSolution
		HideSolutionNode = FALSE
	EndGlobalSection
	GlobalSection(ExtensibilityGlobals) = postSolution
		SolutionGuid = {C489FD9A-CEC4-4F0B-BB44-E61D70B52F0C}
	EndGlobalSection
EndGlobal
